// !$*UTF8*$!
{
	archiveVersion = 1;
	classes = {
	};
	objectVersion = 50;
	objects = {

/* Begin PBXBuildFile section */
		5C4F3B11242E01FB00590DFB /* AppDelegate.swift in Sources */ = {isa = PBXBuildFile; fileRef = 5C4F3B10242E01FB00590DFB /* AppDelegate.swift */; };
		5C4F3B13242E01FB00590DFB /* SceneDelegate.swift in Sources */ = {isa = PBXBuildFile; fileRef = 5C4F3B12242E01FB00590DFB /* SceneDelegate.swift */; };
		5C4F3B16242E01FB00590DFB /* NCXProject.xcdatamodeld in Sources */ = {isa = PBXBuildFile; fileRef = 5C4F3B14242E01FB00590DFB /* NCXProject.xcdatamodeld */; };
		5C4F3B18242E01FB00590DFB /* ContentView.swift in Sources */ = {isa = PBXBuildFile; fileRef = 5C4F3B17242E01FB00590DFB /* ContentView.swift */; };
		5C4F3B1A242E01FE00590DFB /* Assets.xcassets in Resources */ = {isa = PBXBuildFile; fileRef = 5C4F3B19242E01FE00590DFB /* Assets.xcassets */; };
		5C4F3B1D242E01FE00590DFB /* Preview Assets.xcassets in Resources */ = {isa = PBXBuildFile; fileRef = 5C4F3B1C242E01FE00590DFB /* Preview Assets.xcassets */; };
		5C4F3B20242E01FE00590DFB /* LaunchScreen.storyboard in Resources */ = {isa = PBXBuildFile; fileRef = 5C4F3B1E242E01FE00590DFB /* LaunchScreen.storyboard */; };
		5C4F3B28242E051000590DFB /* ToDoItemView.swift in Sources */ = {isa = PBXBuildFile; fileRef = 5C4F3B27242E051000590DFB /* ToDoItemView.swift */; };
		5C74AEB6242F602800B78589 /* CloudKit.framework in Frameworks */ = {isa = PBXBuildFile; fileRef = 5C74AEB5242F602800B78589 /* CloudKit.framework */; };
/* End PBXBuildFile section */

/* Begin PBXFileReference section */
		5C4F3B0D242E01FB00590DFB /* NCXProject.app */ = {isa = PBXFileReference; explicitFileType = wrapper.application; includeInIndex = 0; path = NCXProject.app; sourceTree = BUILT_PRODUCTS_DIR; };
		5C4F3B10242E01FB00590DFB /* AppDelegate.swift */ = {isa = PBXFileReference; lastKnownFileType = sourcecode.swift; path = AppDelegate.swift; sourceTree = "<group>"; };
		5C4F3B12242E01FB00590DFB /* SceneDelegate.swift */ = {isa = PBXFileReference; lastKnownFileType = sourcecode.swift; path = SceneDelegate.swift; sourceTree = "<group>"; };
		5C4F3B15242E01FB00590DFB /* NCXProject.xcdatamodel */ = {isa = PBXFileReference; lastKnownFileType = wrapper.xcdatamodel; path = NCXProject.xcdatamodel; sourceTree = "<group>"; };
		5C4F3B17242E01FB00590DFB /* ContentView.swift */ = {isa = PBXFileReference; lastKnownFileType = sourcecode.swift; path = ContentView.swift; sourceTree = "<group>"; };
		5C4F3B19242E01FE00590DFB /* Assets.xcassets */ = {isa = PBXFileReference; lastKnownFileType = folder.assetcatalog; path = Assets.xcassets; sourceTree = "<group>"; };
		5C4F3B1C242E01FE00590DFB /* Preview Assets.xcassets */ = {isa = PBXFileReference; lastKnownFileType = folder.assetcatalog; path = "Preview Assets.xcassets"; sourceTree = "<group>"; };
		5C4F3B1F242E01FE00590DFB /* Base */ = {isa = PBXFileReference; lastKnownFileType = file.storyboard; name = Base; path = Base.lproj/LaunchScreen.storyboard; sourceTree = "<group>"; };
		5C4F3B21242E01FE00590DFB /* Info.plist */ = {isa = PBXFileReference; lastKnownFileType = text.plist.xml; path = Info.plist; sourceTree = "<group>"; };
		5C4F3B27242E051000590DFB /* ToDoItemView.swift */ = {isa = PBXFileReference; lastKnownFileType = sourcecode.swift; path = ToDoItemView.swift; sourceTree = "<group>"; };
		5C74AEB3242F602400B78589 /* NCXProject.entitlements */ = {isa = PBXFileReference; lastKnownFileType = text.plist.entitlements; path = NCXProject.entitlements; sourceTree = "<group>"; };
		5C74AEB5242F602800B78589 /* CloudKit.framework */ = {isa = PBXFileReference; lastKnownFileType = wrapper.framework; name = CloudKit.framework; path = System/Library/Frameworks/CloudKit.framework; sourceTree = SDKROOT; };
/* End PBXFileReference section */

/* Begin PBXFrameworksBuildPhase section */
		5C4F3B0A242E01FB00590DFB /* Frameworks */ = {
			isa = PBXFrameworksBuildPhase;
			buildActionMask = 2147483647;
			files = (
				5C74AEB6242F602800B78589 /* CloudKit.framework in Frameworks */,
			);
			runOnlyForDeploymentPostprocessing = 0;
		};
/* End PBXFrameworksBuildPhase section */

/* Begin PBXGroup section */
		5C4F3B04242E01FB00590DFB = {
			isa = PBXGroup;
			children = (
				5C4F3B0F242E01FB00590DFB /* NCXProject */,
				5C4F3B0E242E01FB00590DFB /* Products */,
				5C74AEB4242F602800B78589 /* Frameworks */,
			);
			sourceTree = "<group>";
		};
		5C4F3B0E242E01FB00590DFB /* Products */ = {
			isa = PBXGroup;
			children = (
				5C4F3B0D242E01FB00590DFB /* NCXProject.app */,
			);
			name = Products;
			sourceTree = "<group>";
		};
		5C4F3B0F242E01FB00590DFB /* NCXProject */ = {
			isa = PBXGroup;
			children = (
				5C74AEB3242F602400B78589 /* NCXProject.entitlements */,
				5C4F3B10242E01FB00590DFB /* AppDelegate.swift */,
				5C4F3B12242E01FB00590DFB /* SceneDelegate.swift */,
				5C4F3B17242E01FB00590DFB /* ContentView.swift */,
				5C4F3B27242E051000590DFB /* ToDoItemView.swift */,
				5C4F3B19242E01FE00590DFB /* Assets.xcassets */,
				5C4F3B1E242E01FE00590DFB /* LaunchScreen.storyboard */,
				5C4F3B21242E01FE00590DFB /* Info.plist */,
				5C4F3B14242E01FB00590DFB /* NCXProject.xcdatamodeld */,
				5C4F3B1B242E01FE00590DFB /* Preview Content */,
			);
			path = NCXProject;
			sourceTree = "<group>";
		};
		5C4F3B1B242E01FE00590DFB /* Preview Content */ = {
			isa = PBXGroup;
			children = (
				5C4F3B1C242E01FE00590DFB /* Preview Assets.xcassets */,
			);
			path = "Preview Content";
			sourceTree = "<group>";
		};
		5C74AEB4242F602800B78589 /* Frameworks */ = {
			isa = PBXGroup;
			children = (
				5C74AEB5242F602800B78589 /* CloudKit.framework */,
			);
			name = Frameworks;
			sourceTree = "<group>";
		};
/* End PBXGroup section */

/* Begin PBXNativeTarget section */
		5C4F3B0C242E01FB00590DFB /* NCXProject */ = {
			isa = PBXNativeTarget;
			buildConfigurationList = 5C4F3B24242E01FE00590DFB /* Build configuration list for PBXNativeTarget "NCXProject" */;
			buildPhases = (
				5C4F3B09242E01FB00590DFB /* Sources */,
				5C4F3B0A242E01FB00590DFB /* Frameworks */,
				5C4F3B0B242E01FB00590DFB /* Resources */,
			);
			buildRules = (
			);
			dependencies = (
			);
			name = NCXProject;
			productName = NCXProject;
			productReference = 5C4F3B0D242E01FB00590DFB /* NCXProject.app */;
			productType = "com.apple.product-type.application";
		};
/* End PBXNativeTarget section */

/* Begin PBXProject section */
		5C4F3B05242E01FB00590DFB /* Project object */ = {
			isa = PBXProject;
			attributes = {
				LastSwiftUpdateCheck = 1130;
				LastUpgradeCheck = 1130;
				ORGANIZATIONNAME = "Dario Mandarino";
				TargetAttributes = {
					5C4F3B0C242E01FB00590DFB = {
						CreatedOnToolsVersion = 11.3.1;
					};
				};
			};
			buildConfigurationList = 5C4F3B08242E01FB00590DFB /* Build configuration list for PBXProject "NCXProject" */;
			compatibilityVersion = "Xcode 9.3";
			developmentRegion = en;
			hasScannedForEncodings = 0;
			knownRegions = (
				en,
				Base,
			);
			mainGroup = 5C4F3B04242E01FB00590DFB;
			productRefGroup = 5C4F3B0E242E01FB00590DFB /* Products */;
			projectDirPath = "";
			projectRoot = "";
			targets = (
				5C4F3B0C242E01FB00590DFB /* NCXProject */,
			);
		};
/* End PBXProject section */

/* Begin PBXResourcesBuildPhase section */
		5C4F3B0B242E01FB00590DFB /* Resources */ = {
			isa = PBXResourcesBuildPhase;
			buildActionMask = 2147483647;
			files = (
				5C4F3B20242E01FE00590DFB /* LaunchScreen.storyboard in Resources */,
				5C4F3B1D242E01FE00590DFB /* Preview Assets.xcassets in Resources */,
				5C4F3B1A242E01FE00590DFB /* Assets.xcassets in Resources */,
			);
			runOnlyForDeploymentPostprocessing = 0;
		};
/* End PBXResourcesBuildPhase section */

/* Begin PBXSourcesBuildPhase section */
		5C4F3B09242E01FB00590DFB /* Sources */ = {
			isa = PBXSourcesBuildPhase;
			buildActionMask = 2147483647;
			files = (
				5C4F3B16242E01FB00590DFB /* NCXProject.xcdatamodeld in Sources */,
				5C4F3B11242E01FB00590DFB /* AppDelegate.swift in Sources */,
				5C4F3B28242E051000590DFB /* ToDoItemView.swift in Sources */,
				5C4F3B18242E01FB00590DFB /* ContentView.swift in Sources */,
				5C4F3B13242E01FB00590DFB /* SceneDelegate.swift in Sources */,
			);
			runOnlyForDeploymentPostprocessing = 0;
		};
/* End PBXSourcesBuildPhase section */

/* Begin PBXVariantGroup section */
		5C4F3B1E242E01FE00590DFB /* LaunchScreen.storyboard */ = {
			isa = PBXVariantGroup;
			children = (
				5C4F3B1F242E01FE00590DFB /* Base */,
			);
			name = LaunchScreen.storyboard;
			sourceTree = "<group>";
		};
/* End PBXVariantGroup section */

/* Begin XCBuildConfiguration section */
		5C4F3B22242E01FE00590DFB /* Debug */ = {
			isa = XCBuildConfiguration;
			buildSettings = {
				ALWAYS_SEARCH_USER_PATHS = NO;
				CLANG_ANALYZER_NONNULL = YES;
				CLANG_ANALYZER_NUMBER_OBJECT_CONVERSION = YES_AGGRESSIVE;
				CLANG_CXX_LANGUAGE_STANDARD = "gnu++14";
				CLANG_CXX_LIBRARY = "libc++";
				CLANG_ENABLE_MODULES = YES;
				CLANG_ENABLE_OBJC_ARC = YES;
				CLANG_ENABLE_OBJC_WEAK = YES;
				CLANG_WARN_BLOCK_CAPTURE_AUTORELEASING = YES;
				CLANG_WARN_BOOL_CONVERSION = YES;
				CLANG_WARN_COMMA = YES;
				CLANG_WARN_CONSTANT_CONVERSION = YES;
				CLANG_WARN_DEPRECATED_OBJC_IMPLEMENTATIONS = YES;
				CLANG_WARN_DIRECT_OBJC_ISA_USAGE = YES_ERROR;
				CLANG_WARN_DOCUMENTATION_COMMENTS = YES;
				CLANG_WARN_EMPTY_BODY = YES;
				CLANG_WARN_ENUM_CONVERSION = YES;
				CLANG_WARN_INFINITE_RECURSION = YES;
				CLANG_WARN_INT_CONVERSION = YES;
				CLANG_WARN_NON_LITERAL_NULL_CONVERSION = YES;
				CLANG_WARN_OBJC_IMPLICIT_RETAIN_SELF = YES;
				CLANG_WARN_OBJC_LITERAL_CONVERSION = YES;
				CLANG_WARN_OBJC_ROOT_CLASS = YES_ERROR;
				CLANG_WARN_RANGE_LOOP_ANALYSIS = YES;
				CLANG_WARN_STRICT_PROTOTYPES = YES;
				CLANG_WARN_SUSPICIOUS_MOVE = YES;
				CLANG_WARN_UNGUARDED_AVAILABILITY = YES_AGGRESSIVE;
				CLANG_WARN_UNREACHABLE_CODE = YES;
				CLANG_WARN__DUPLICATE_METHOD_MATCH = YES;
				COPY_PHASE_STRIP = NO;
				DEBUG_INFORMATION_FORMAT = dwarf;
				ENABLE_STRICT_OBJC_MSGSEND = YES;
				ENABLE_TESTABILITY = YES;
				GCC_C_LANGUAGE_STANDARD = gnu11;
				GCC_DYNAMIC_NO_PIC = NO;
				GCC_NO_COMMON_BLOCKS = YES;
				GCC_OPTIMIZATION_LEVEL = 0;
				GCC_PREPROCESSOR_DEFINITIONS = (
					"DEBUG=1",
					"$(inherited)",
				);
				GCC_WARN_64_TO_32_BIT_CONVERSION = YES;
				GCC_WARN_ABOUT_RETURN_TYPE = YES_ERROR;
				GCC_WARN_UNDECLARED_SELECTOR = YES;
				GCC_WARN_UNINITIALIZED_AUTOS = YES_AGGRESSIVE;
				GCC_WARN_UNUSED_FUNCTION = YES;
				GCC_WARN_UNUSED_VARIABLE = YES;
				IPHONEOS_DEPLOYMENT_TARGET = 13.2;
				MTL_ENABLE_DEBUG_INFO = INCLUDE_SOURCE;
				MTL_FAST_MATH = YES;
				ONLY_ACTIVE_ARCH = YES;
				SDKROOT = iphoneos;
				SWIFT_ACTIVE_COMPILATION_CONDITIONS = DEBUG;
				SWIFT_OPTIMIZATION_LEVEL = "-Onone";
			};
			name = Debug;
		};
		5C4F3B23242E01FE00590DFB /* Release */ = {
			isa = XCBuildConfiguration;
			buildSettings = {
				ALWAYS_SEARCH_USER_PATHS = NO;
				CLANG_ANALYZER_NONNULL = YES;
				CLANG_ANALYZER_NUMBER_OBJECT_CONVERSION = YES_AGGRESSIVE;
				CLANG_CXX_LANGUAGE_STANDARD = "gnu++14";
				CLANG_CXX_LIBRARY = "libc++";
				CLANG_ENABLE_MODULES = YES;
				CLANG_ENABLE_OBJC_ARC = YES;
				CLANG_ENABLE_OBJC_WEAK = YES;
				CLANG_WARN_BLOCK_CAPTURE_AUTORELEASING = YES;
				CLANG_WARN_BOOL_CONVERSION = YES;
				CLANG_WARN_COMMA = YES;
				CLANG_WARN_CONSTANT_CONVERSION = YES;
				CLANG_WARN_DEPRECATED_OBJC_IMPLEMENTATIONS = YES;
				CLANG_WARN_DIRECT_OBJC_ISA_USAGE = YES_ERROR;
				CLANG_WARN_DOCUMENTATION_COMMENTS = YES;
				CLANG_WARN_EMPTY_BODY = YES;
				CLANG_WARN_ENUM_CONVERSION = YES;
				CLANG_WARN_INFINITE_RECURSION = YES;
				CLANG_WARN_INT_CONVERSION = YES;
				CLANG_WARN_NON_LITERAL_NULL_CONVERSION = YES;
				CLANG_WARN_OBJC_IMPLICIT_RETAIN_SELF = YES;
				CLANG_WARN_OBJC_LITERAL_CONVERSION = YES;
				CLANG_WARN_OBJC_ROOT_CLASS = YES_ERROR;
				CLANG_WARN_RANGE_LOOP_ANALYSIS = YES;
				CLANG_WARN_STRICT_PROTOTYPES = YES;
				CLANG_WARN_SUSPICIOUS_MOVE = YES;
				CLANG_WARN_UNGUARDED_AVAILABILITY = YES_AGGRESSIVE;
				CLANG_WARN_UNREACHABLE_CODE = YES;
				CLANG_WARN__DUPLICATE_METHOD_MATCH = YES;
				COPY_PHASE_STRIP = NO;
				DEBUG_INFORMATION_FORMAT = "dwarf-with-dsym";
				ENABLE_NS_ASSERTIONS = NO;
				ENABLE_STRICT_OBJC_MSGSEND = YES;
				GCC_C_LANGUAGE_STANDARD = gnu11;
				GCC_NO_COMMON_BLOCKS = YES;
				GCC_WARN_64_TO_32_BIT_CONVERSION = YES;
				GCC_WARN_ABOUT_RETURN_TYPE = YES_ERROR;
				GCC_WARN_UNDECLARED_SELECTOR = YES;
				GCC_WARN_UNINITIALIZED_AUTOS = YES_AGGRESSIVE;
				GCC_WARN_UNUSED_FUNCTION = YES;
				GCC_WARN_UNUSED_VARIABLE = YES;
				IPHONEOS_DEPLOYMENT_TARGET = 13.2;
				MTL_ENABLE_DEBUG_INFO = NO;
				MTL_FAST_MATH = YES;
				SDKROOT = iphoneos;
				SWIFT_COMPILATION_MODE = wholemodule;
				SWIFT_OPTIMIZATION_LEVEL = "-O";
				VALIDATE_PRODUCT = YES;
			};
			name = Release;
		};
		5C4F3B25242E01FE00590DFB /* Debug */ = {
			isa = XCBuildConfiguration;
			buildSettings = {
				ASSETCATALOG_COMPILER_APPICON_NAME = AppIcon;
				CODE_SIGN_ENTITLEMENTS = NCXProject/NCXProject.entitlements;
				CODE_SIGN_STYLE = Automatic;
				DEVELOPMENT_ASSET_PATHS = "\"NCXProject/Preview Content\"";
				DEVELOPMENT_TEAM = Y62T8282RJ;
				ENABLE_PREVIEWS = YES;
				INFOPLIST_FILE = NCXProject/Info.plist;
				LD_RUNPATH_SEARCH_PATHS = (
					"$(inherited)",
					"@executable_path/Frameworks",
				);
				PRODUCT_BUNDLE_IDENTIFIER = com.DarioMandarino.NCXProject;
				PRODUCT_NAME = "$(TARGET_NAME)";
				SWIFT_VERSION = 5.0;
				TARGETED_DEVICE_FAMILY = "1,2";
			};
			name = Debug;
		};
		5C4F3B26242E01FE00590DFB /* Release */ = {
			isa = XCBuildConfiguration;
			buildSettings = {
				ASSETCATALOG_COMPILER_APPICON_NAME = AppIcon;
				CODE_SIGN_ENTITLEMENTS = NCXProject/NCXProject.entitlements;
				CODE_SIGN_STYLE = Automatic;
				DEVELOPMENT_ASSET_PATHS = "\"NCXProject/Preview Content\"";
				DEVELOPMENT_TEAM = Y62T8282RJ;
				ENABLE_PREVIEWS = YES;
				INFOPLIST_FILE = NCXProject/Info.plist;
				LD_RUNPATH_SEARCH_PATHS = (
					"$(inherited)",
					"@executable_path/Frameworks",
				);
				PRODUCT_BUNDLE_IDENTIFIER = com.DarioMandarino.NCXProject;
				PRODUCT_NAME = "$(TARGET_NAME)";
				SWIFT_VERSION = 5.0;
				TARGETED_DEVICE_FAMILY = "1,2";
			};
			name = Release;
		};
/* End XCBuildConfiguration section */

/* Begin XCConfigurationList section */
		5C4F3B08242E01FB00590DFB /* Build configuration list for PBXProject "NCXProject" */ = {
			isa = XCConfigurationList;
			buildConfigurations = (
				5C4F3B22242E01FE00590DFB /* Debug */,
				5C4F3B23242E01FE00590DFB /* Release */,
			);
			defaultConfigurationIsVisible = 0;
			defaultConfigurationName = Release;
		};
		5C4F3B24242E01FE00590DFB /* Build configuration list for PBXNativeTarget "NCXProject" */ = {
			isa = XCConfigurationList;
			buildConfigurations = (
				5C4F3B25242E01FE00590DFB /* Debug */,
				5C4F3B26242E01FE00590DFB /* Release */,
			);
			defaultConfigurationIsVisible = 0;
			defaultConfigurationName = Release;
		};
/* End XCConfigurationList section */

/* Begin XCVersionGroup section */
		5C4F3B14242E01FB00590DFB /* NCXProject.xcdatamodeld */ = {
			isa = XCVersionGroup;
			children = (
				5C4F3B15242E01FB00590DFB /* NCXProject.xcdatamodel */,
			);
			currentVersion = 5C4F3B15242E01FB00590DFB /* NCXProject.xcdatamodel */;
			path = NCXProject.xcdatamodeld;
			sourceTree = "<group>";
			versionGroupType = wrapper.xcdatamodel;
		};
/* End XCVersionGroup section */
	};
	rootObject = 5C4F3B05242E01FB00590DFB /* Project object */;
}
